
Microsoft Visual Studio Solution File, Format Version 12.00
# Visual Studio Version 17
VisualStudioVersion = 17.4.33213.308
MinimumVisualStudioVersion = 10.0.40219.1
Project("{FAE04EC0-301F-11D3-BF4B-00C04F79EFBC}") = "BAsset-3.0-Reports", "BAsset-3.0-Reports.csproj", "{C212F199-AE45-476D-B1BD-D030CF1DC46F}"
EndProject
Global
	GlobalSection(SolutionConfigurationPlatforms) = preSolution
		Debug|Any CPU = Debug|Any CPU
		Release|Any CPU = Release|Any CPU
	EndGlobalSection
	GlobalSection(ProjectConfigurationPlatforms) = postSolution
		{C212F199-AE45-476D-B1BD-D030CF1DC46F}.Debug|Any CPU.ActiveCfg = Debug|Any CPU
		{C212F199-AE45-476D-B1BD-D030CF1DC46F}.Debug|Any CPU.Build.0 = Debug|Any CPU
		{C212F199-AE45-476D-B1BD-D030CF1DC46F}.Release|Any CPU.ActiveCfg = Release|Any CPU
		{C212F199-AE45-476D-B1BD-D030CF1DC46F}.Release|Any CPU.Build.0 = Release|Any CPU
	EndGlobalSection
	GlobalSection(SolutionProperties) = preSolution
		HideSolutionNode = FALSE
	EndGlobalSection
	GlobalSection(ExtensibilityGlobals) = postSolution
		SolutionGuid = {088409E0-9847-4DC0-BF47-14B9394B5AEF}
	EndGlobalSection
EndGlobal
